
Microsoft Visual Studio Solution File, Format Version 12.00
# Visual Studio Version 16
VisualStudioVersion = 16.0.31005.135
MinimumVisualStudioVersion = 10.0.40219.1
Project("{FAE04EC0-301F-11D3-BF4B-00C04F79EFBC}") = "prova", "prova\prova.csproj", "{762EDA03-00E3-4DFA-8407-1E5B0B8E174C}"
EndProject
Global
	GlobalSection(SolutionConfigurationPlatforms) = preSolution
		Debug|Any CPU = Debug|Any CPU
		Release|Any CPU = Release|Any CPU
	EndGlobalSection
	GlobalSection(ProjectConfigurationPlatforms) = postSolution
		{762EDA03-00E3-4DFA-8407-1E5B0B8E174C}.Debug|Any CPU.ActiveCfg = Debug|Any CPU
		{762EDA03-00E3-4DFA-8407-1E5B0B8E174C}.Debug|Any CPU.Build.0 = Debug|Any CPU
		{762EDA03-00E3-4DFA-8407-1E5B0B8E174C}.Release|Any CPU.ActiveCfg = Release|Any CPU
		{762EDA03-00E3-4DFA-8407-1E5B0B8E174C}.Release|Any CPU.Build.0 = Release|Any CPU
	EndGlobalSection
	GlobalSection(SolutionProperties) = preSolution
		HideSolutionNode = FALSE
	EndGlobalSection
	GlobalSection(ExtensibilityGlobals) = postSolution
		SolutionGuid = {A8883F65-89E5-4D76-8C13-521D4462BE7B}
	EndGlobalSection
EndGlobal
